
Microsoft Visual Studio Solution File, Format Version 12.00
# Visual Studio 15
VisualStudioVersion = 15.0.28307.271
MinimumVisualStudioVersion = 10.0.40219.1
Project("{FAE04EC0-301F-11D3-BF4B-00C04F79EFBC}") = "LTS.WinService", "LTS.WinService\LTS.WinService.csproj", "{19588722-A1DF-48E8-9B88-E8BB5563950C}"
EndProject
Global
	GlobalSection(SolutionConfigurationPlatforms) = preSolution
		Debug|Any CPU = Debug|Any CPU
		Release|Any CPU = Release|Any CPU
	EndGlobalSection
	GlobalSection(ProjectConfigurationPlatforms) = postSolution
		{19588722-A1DF-48E8-9B88-E8BB5563950C}.Debug|Any CPU.ActiveCfg = Debug|Any CPU
		{19588722-A1DF-48E8-9B88-E8BB5563950C}.Debug|Any CPU.Build.0 = Debug|Any CPU
		{19588722-A1DF-48E8-9B88-E8BB5563950C}.Release|Any CPU.ActiveCfg = Release|Any CPU
		{19588722-A1DF-48E8-9B88-E8BB5563950C}.Release|Any CPU.Build.0 = Release|Any CPU
	EndGlobalSection
	GlobalSection(SolutionProperties) = preSolution
		HideSolutionNode = FALSE
	EndGlobalSection
	GlobalSection(ExtensibilityGlobals) = postSolution
		SolutionGuid = {B1B08152-1876-41CF-98F5-A1B08BA920FE}
	EndGlobalSection
EndGlobal
